// !$*UTF8*$!
{
	archiveVersion = 1;
	classes = {
	};
	objectVersion = 55;
	objects = {

/* Begin PBXBuildFile section */
		9446283A279AC4D300F0E6E8 /* EditItemView.swift in Sources */ = {isa = PBXBuildFile; fileRef = 94462839279AC4D300F0E6E8 /* EditItemView.swift */; };
		9446283C279ACA5700F0E6E8 /* ItemRowView.swift in Sources */ = {isa = PBXBuildFile; fileRef = 9446283B279ACA5700F0E6E8 /* ItemRowView.swift */; };
		94600D0127985D8800EFB452 /* HomeView.swift in Sources */ = {isa = PBXBuildFile; fileRef = 94600D0027985D8800EFB452 /* HomeView.swift */; };
		94600D0327985E3900EFB452 /* ProjectsView.swift in Sources */ = {isa = PBXBuildFile; fileRef = 94600D0227985E3900EFB452 /* ProjectsView.swift */; };
		94600D052799A09200EFB452 /* Item-CoreDataHelpers.swift in Sources */ = {isa = PBXBuildFile; fileRef = 94600D042799A09200EFB452 /* Item-CoreDataHelpers.swift */; };
		94600D072799A22100EFB452 /* Project-CoreDataHelpers.swift in Sources */ = {isa = PBXBuildFile; fileRef = 94600D062799A22100EFB452 /* Project-CoreDataHelpers.swift */; };
		948B97952792B92100EB34BF /* BerkinPortfolioApp.swift in Sources */ = {isa = PBXBuildFile; fileRef = 948B97942792B92100EB34BF /* BerkinPortfolioApp.swift */; };
		948B97972792B92100EB34BF /* ContentView.swift in Sources */ = {isa = PBXBuildFile; fileRef = 948B97962792B92100EB34BF /* ContentView.swift */; };
		948B97992792B92200EB34BF /* Assets.xcassets in Resources */ = {isa = PBXBuildFile; fileRef = 948B97982792B92200EB34BF /* Assets.xcassets */; };
		948B979C2792B92200EB34BF /* Preview Assets.xcassets in Resources */ = {isa = PBXBuildFile; fileRef = 948B979B2792B92200EB34BF /* Preview Assets.xcassets */; };
		948B97A42792B93100EB34BF /* Main.xcdatamodeld in Sources */ = {isa = PBXBuildFile; fileRef = 948B97A22792B93100EB34BF /* Main.xcdatamodeld */; };
		948B97A62792BA5800EB34BF /* DataController.swift in Sources */ = {isa = PBXBuildFile; fileRef = 948B97A52792BA5800EB34BF /* DataController.swift */; };
/* End PBXBuildFile section */

/* Begin PBXFileReference section */
		94462839279AC4D300F0E6E8 /* EditItemView.swift */ = {isa = PBXFileReference; lastKnownFileType = sourcecode.swift; path = EditItemView.swift; sourceTree = "<group>"; };
		9446283B279ACA5700F0E6E8 /* ItemRowView.swift */ = {isa = PBXFileReference; lastKnownFileType = sourcecode.swift; path = ItemRowView.swift; sourceTree = "<group>"; };
		94600D0027985D8800EFB452 /* HomeView.swift */ = {isa = PBXFileReference; lastKnownFileType = sourcecode.swift; path = HomeView.swift; sourceTree = "<group>"; };
		94600D0227985E3900EFB452 /* ProjectsView.swift */ = {isa = PBXFileReference; lastKnownFileType = sourcecode.swift; path = ProjectsView.swift; sourceTree = "<group>"; };
		94600D042799A09200EFB452 /* Item-CoreDataHelpers.swift */ = {isa = PBXFileReference; lastKnownFileType = sourcecode.swift; path = "Item-CoreDataHelpers.swift"; sourceTree = "<group>"; };
		94600D062799A22100EFB452 /* Project-CoreDataHelpers.swift */ = {isa = PBXFileReference; lastKnownFileType = sourcecode.swift; path = "Project-CoreDataHelpers.swift"; sourceTree = "<group>"; };
		948B97912792B92100EB34BF /* BerkinPortfolio.app */ = {isa = PBXFileReference; explicitFileType = wrapper.application; includeInIndex = 0; path = BerkinPortfolio.app; sourceTree = BUILT_PRODUCTS_DIR; };
		948B97942792B92100EB34BF /* BerkinPortfolioApp.swift */ = {isa = PBXFileReference; lastKnownFileType = sourcecode.swift; path = BerkinPortfolioApp.swift; sourceTree = "<group>"; };
		948B97962792B92100EB34BF /* ContentView.swift */ = {isa = PBXFileReference; lastKnownFileType = sourcecode.swift; path = ContentView.swift; sourceTree = "<group>"; };
		948B97982792B92200EB34BF /* Assets.xcassets */ = {isa = PBXFileReference; lastKnownFileType = folder.assetcatalog; path = Assets.xcassets; sourceTree = "<group>"; };
		948B979B2792B92200EB34BF /* Preview Assets.xcassets */ = {isa = PBXFileReference; lastKnownFileType = folder.assetcatalog; path = "Preview Assets.xcassets"; sourceTree = "<group>"; };
		948B97A32792B93100EB34BF /* Main.xcdatamodel */ = {isa = PBXFileReference; lastKnownFileType = wrapper.xcdatamodel; path = Main.xcdatamodel; sourceTree = "<group>"; };
		948B97A52792BA5800EB34BF /* DataController.swift */ = {isa = PBXFileReference; lastKnownFileType = sourcecode.swift; path = DataController.swift; sourceTree = "<group>"; };
		948B97A7279418DD00EB34BF /* Info.plist */ = {isa = PBXFileReference; lastKnownFileType = text.plist; path = Info.plist; sourceTree = "<group>"; };
/* End PBXFileReference section */

/* Begin PBXFrameworksBuildPhase section */
		948B978E2792B92100EB34BF /* Frameworks */ = {
			isa = PBXFrameworksBuildPhase;
			buildActionMask = 2147483647;
			files = (
			);
			runOnlyForDeploymentPostprocessing = 0;
		};
/* End PBXFrameworksBuildPhase section */

/* Begin PBXGroup section */
		948B97882792B92100EB34BF = {
			isa = PBXGroup;
			children = (
				948B97932792B92100EB34BF /* BerkinPortfolio */,
				948B97922792B92100EB34BF /* Products */,
			);
			sourceTree = "<group>";
		};
		948B97922792B92100EB34BF /* Products */ = {
			isa = PBXGroup;
			children = (
				948B97912792B92100EB34BF /* BerkinPortfolio.app */,
			);
			name = Products;
			sourceTree = "<group>";
		};
		948B97932792B92100EB34BF /* BerkinPortfolio */ = {
			isa = PBXGroup;
			children = (
				948B97A7279418DD00EB34BF /* Info.plist */,
				948B97942792B92100EB34BF /* BerkinPortfolioApp.swift */,
				94600D042799A09200EFB452 /* Item-CoreDataHelpers.swift */,
				94600D062799A22100EFB452 /* Project-CoreDataHelpers.swift */,
				94600D0027985D8800EFB452 /* HomeView.swift */,
				94600D0227985E3900EFB452 /* ProjectsView.swift */,
				9446283B279ACA5700F0E6E8 /* ItemRowView.swift */,
				948B97962792B92100EB34BF /* ContentView.swift */,
				94462839279AC4D300F0E6E8 /* EditItemView.swift */,
				948B97A22792B93100EB34BF /* Main.xcdatamodeld */,
				948B97A52792BA5800EB34BF /* DataController.swift */,
				948B97982792B92200EB34BF /* Assets.xcassets */,
				948B979A2792B92200EB34BF /* Preview Content */,
			);
			path = BerkinPortfolio;
			sourceTree = "<group>";
		};
		948B979A2792B92200EB34BF /* Preview Content */ = {
			isa = PBXGroup;
			children = (
				948B979B2792B92200EB34BF /* Preview Assets.xcassets */,
			);
			path = "Preview Content";
			sourceTree = "<group>";
		};
/* End PBXGroup section */

/* Begin PBXNativeTarget section */
		948B97902792B92100EB34BF /* BerkinPortfolio */ = {
			isa = PBXNativeTarget;
			buildConfigurationList = 948B979F2792B92200EB34BF /* Build configuration list for PBXNativeTarget "BerkinPortfolio" */;
			buildPhases = (
				948B978D2792B92100EB34BF /* Sources */,
				948B978E2792B92100EB34BF /* Frameworks */,
				948B978F2792B92100EB34BF /* Resources */,
			);
			buildRules = (
			);
			dependencies = (
			);
			name = BerkinPortfolio;
			productName = BerkinPortfolio;
			productReference = 948B97912792B92100EB34BF /* BerkinPortfolio.app */;
			productType = "com.apple.product-type.application";
		};
/* End PBXNativeTarget section */

/* Begin PBXProject section */
		948B97892792B92100EB34BF /* Project object */ = {
			isa = PBXProject;
			attributes = {
				BuildIndependentTargetsInParallel = 1;
				LastSwiftUpdateCheck = 1320;
				LastUpgradeCheck = 1320;
				TargetAttributes = {
					948B97902792B92100EB34BF = {
						CreatedOnToolsVersion = 13.2.1;
					};
				};
			};
			buildConfigurationList = 948B978C2792B92100EB34BF /* Build configuration list for PBXProject "BerkinPortfolio" */;
			compatibilityVersion = "Xcode 13.0";
			developmentRegion = en;
			hasScannedForEncodings = 0;
			knownRegions = (
				en,
				Base,
			);
			mainGroup = 948B97882792B92100EB34BF;
			productRefGroup = 948B97922792B92100EB34BF /* Products */;
			projectDirPath = "";
			projectRoot = "";
			targets = (
				948B97902792B92100EB34BF /* BerkinPortfolio */,
			);
		};
/* End PBXProject section */

/* Begin PBXResourcesBuildPhase section */
		948B978F2792B92100EB34BF /* Resources */ = {
			isa = PBXResourcesBuildPhase;
			buildActionMask = 2147483647;
			files = (
				948B979C2792B92200EB34BF /* Preview Assets.xcassets in Resources */,
				948B97992792B92200EB34BF /* Assets.xcassets in Resources */,
			);
			runOnlyForDeploymentPostprocessing = 0;
		};
/* End PBXResourcesBuildPhase section */

/* Begin PBXSourcesBuildPhase section */
		948B978D2792B92100EB34BF /* Sources */ = {
			isa = PBXSourcesBuildPhase;
			buildActionMask = 2147483647;
			files = (
				94600D0327985E3900EFB452 /* ProjectsView.swift in Sources */,
				948B97A42792B93100EB34BF /* Main.xcdatamodeld in Sources */,
				94600D072799A22100EFB452 /* Project-CoreDataHelpers.swift in Sources */,
				948B97A62792BA5800EB34BF /* DataController.swift in Sources */,
				9446283C279ACA5700F0E6E8 /* ItemRowView.swift in Sources */,
				948B97972792B92100EB34BF /* ContentView.swift in Sources */,
				94600D0127985D8800EFB452 /* HomeView.swift in Sources */,
				948B97952792B92100EB34BF /* BerkinPortfolioApp.swift in Sources */,
				94600D052799A09200EFB452 /* Item-CoreDataHelpers.swift in Sources */,
				9446283A279AC4D300F0E6E8 /* EditItemView.swift in Sources */,
			);
			runOnlyForDeploymentPostprocessing = 0;
		};
/* End PBXSourcesBuildPhase section */

/* Begin XCBuildConfiguration section */
		948B979D2792B92200EB34BF /* Debug */ = {
			isa = XCBuildConfiguration;
			buildSettings = {
				ALWAYS_SEARCH_USER_PATHS = NO;
				CLANG_ANALYZER_NONNULL = YES;
				CLANG_ANALYZER_NUMBER_OBJECT_CONVERSION = YES_AGGRESSIVE;
				CLANG_CXX_LANGUAGE_STANDARD = "gnu++17";
				CLANG_CXX_LIBRARY = "libc++";
				CLANG_ENABLE_MODULES = YES;
				CLANG_ENABLE_OBJC_ARC = YES;
				CLANG_ENABLE_OBJC_WEAK = YES;
				CLANG_WARN_BLOCK_CAPTURE_AUTORELEASING = YES;
				CLANG_WARN_BOOL_CONVERSION = YES;
				CLANG_WARN_COMMA = YES;
				CLANG_WARN_CONSTANT_CONVERSION = YES;
				CLANG_WARN_DEPRECATED_OBJC_IMPLEMENTATIONS = YES;
				CLANG_WARN_DIRECT_OBJC_ISA_USAGE = YES_ERROR;
				CLANG_WARN_DOCUMENTATION_COMMENTS = YES;
				CLANG_WARN_EMPTY_BODY = YES;
				CLANG_WARN_ENUM_CONVERSION = YES;
				CLANG_WARN_INFINITE_RECURSION = YES;
				CLANG_WARN_INT_CONVERSION = YES;
				CLANG_WARN_NON_LITERAL_NULL_CONVERSION = YES;
				CLANG_WARN_OBJC_IMPLICIT_RETAIN_SELF = YES;
				CLANG_WARN_OBJC_LITERAL_CONVERSION = YES;
				CLANG_WARN_OBJC_ROOT_CLASS = YES_ERROR;
				CLANG_WARN_QUOTED_INCLUDE_IN_FRAMEWORK_HEADER = YES;
				CLANG_WARN_RANGE_LOOP_ANALYSIS = YES;
				CLANG_WARN_STRICT_PROTOTYPES = YES;
				CLANG_WARN_SUSPICIOUS_MOVE = YES;
				CLANG_WARN_UNGUARDED_AVAILABILITY = YES_AGGRESSIVE;
				CLANG_WARN_UNREACHABLE_CODE = YES;
				CLANG_WARN__DUPLICATE_METHOD_MATCH = YES;
				COPY_PHASE_STRIP = NO;
				DEBUG_INFORMATION_FORMAT = dwarf;
				ENABLE_STRICT_OBJC_MSGSEND = YES;
				ENABLE_TESTABILITY = YES;
				GCC_C_LANGUAGE_STANDARD = gnu11;
				GCC_DYNAMIC_NO_PIC = NO;
				GCC_NO_COMMON_BLOCKS = YES;
				GCC_OPTIMIZATION_LEVEL = 0;
				GCC_PREPROCESSOR_DEFINITIONS = (
					"DEBUG=1",
					"$(inherited)",
				);
				GCC_WARN_64_TO_32_BIT_CONVERSION = YES;
				GCC_WARN_ABOUT_RETURN_TYPE = YES_ERROR;
				GCC_WARN_UNDECLARED_SELECTOR = YES;
				GCC_WARN_UNINITIALIZED_AUTOS = YES_AGGRESSIVE;
				GCC_WARN_UNUSED_FUNCTION = YES;
				GCC_WARN_UNUSED_VARIABLE = YES;
				IPHONEOS_DEPLOYMENT_TARGET = 15.2;
				MTL_ENABLE_DEBUG_INFO = INCLUDE_SOURCE;
				MTL_FAST_MATH = YES;
				ONLY_ACTIVE_ARCH = YES;
				SDKROOT = iphoneos;
				SWIFT_ACTIVE_COMPILATION_CONDITIONS = DEBUG;
				SWIFT_OPTIMIZATION_LEVEL = "-Onone";
			};
			name = Debug;
		};
		948B979E2792B92200EB34BF /* Release */ = {
			isa = XCBuildConfiguration;
			buildSettings = {
				ALWAYS_SEARCH_USER_PATHS = NO;
				CLANG_ANALYZER_NONNULL = YES;
				CLANG_ANALYZER_NUMBER_OBJECT_CONVERSION = YES_AGGRESSIVE;
				CLANG_CXX_LANGUAGE_STANDARD = "gnu++17";
				CLANG_CXX_LIBRARY = "libc++";
				CLANG_ENABLE_MODULES = YES;
				CLANG_ENABLE_OBJC_ARC = YES;
				CLANG_ENABLE_OBJC_WEAK = YES;
				CLANG_WARN_BLOCK_CAPTURE_AUTORELEASING = YES;
				CLANG_WARN_BOOL_CONVERSION = YES;
				CLANG_WARN_COMMA = YES;
				CLANG_WARN_CONSTANT_CONVERSION = YES;
				CLANG_WARN_DEPRECATED_OBJC_IMPLEMENTATIONS = YES;
				CLANG_WARN_DIRECT_OBJC_ISA_USAGE = YES_ERROR;
				CLANG_WARN_DOCUMENTATION_COMMENTS = YES;
				CLANG_WARN_EMPTY_BODY = YES;
				CLANG_WARN_ENUM_CONVERSION = YES;
				CLANG_WARN_INFINITE_RECURSION = YES;
				CLANG_WARN_INT_CONVERSION = YES;
				CLANG_WARN_NON_LITERAL_NULL_CONVERSION = YES;
				CLANG_WARN_OBJC_IMPLICIT_RETAIN_SELF = YES;
				CLANG_WARN_OBJC_LITERAL_CONVERSION = YES;
				CLANG_WARN_OBJC_ROOT_CLASS = YES_ERROR;
				CLANG_WARN_QUOTED_INCLUDE_IN_FRAMEWORK_HEADER = YES;
				CLANG_WARN_RANGE_LOOP_ANALYSIS = YES;
				CLANG_WARN_STRICT_PROTOTYPES = YES;
				CLANG_WARN_SUSPICIOUS_MOVE = YES;
				CLANG_WARN_UNGUARDED_AVAILABILITY = YES_AGGRESSIVE;
				CLANG_WARN_UNREACHABLE_CODE = YES;
				CLANG_WARN__DUPLICATE_METHOD_MATCH = YES;
				COPY_PHASE_STRIP = NO;
				DEBUG_INFORMATION_FORMAT = "dwarf-with-dsym";
				ENABLE_NS_ASSERTIONS = NO;
				ENABLE_STRICT_OBJC_MSGSEND = YES;
				GCC_C_LANGUAGE_STANDARD = gnu11;
				GCC_NO_COMMON_BLOCKS = YES;
				GCC_WARN_64_TO_32_BIT_CONVERSION = YES;
				GCC_WARN_ABOUT_RETURN_TYPE = YES_ERROR;
				GCC_WARN_UNDECLARED_SELECTOR = YES;
				GCC_WARN_UNINITIALIZED_AUTOS = YES_AGGRESSIVE;
				GCC_WARN_UNUSED_FUNCTION = YES;
				GCC_WARN_UNUSED_VARIABLE = YES;
				IPHONEOS_DEPLOYMENT_TARGET = 15.2;
				MTL_ENABLE_DEBUG_INFO = NO;
				MTL_FAST_MATH = YES;
				SDKROOT = iphoneos;
				SWIFT_COMPILATION_MODE = wholemodule;
				SWIFT_OPTIMIZATION_LEVEL = "-O";
				VALIDATE_PRODUCT = YES;
			};
			name = Release;
		};
		948B97A02792B92200EB34BF /* Debug */ = {
			isa = XCBuildConfiguration;
			buildSettings = {
				ASSETCATALOG_COMPILER_APPICON_NAME = AppIcon;
				ASSETCATALOG_COMPILER_GLOBAL_ACCENT_COLOR_NAME = AccentColor;
				CODE_SIGN_STYLE = Automatic;
				CURRENT_PROJECT_VERSION = 1;
				DEVELOPMENT_ASSET_PATHS = "\"BerkinPortfolio/Preview Content\"";
				DEVELOPMENT_TEAM = LL4Y637Z4Y;
				ENABLE_PREVIEWS = YES;
				GENERATE_INFOPLIST_FILE = YES;
				INFOPLIST_FILE = BerkinPortfolio/Info.plist;
				INFOPLIST_KEY_UIApplicationSceneManifest_Generation = YES;
				INFOPLIST_KEY_UIApplicationSupportsIndirectInputEvents = YES;
				INFOPLIST_KEY_UILaunchScreen_Generation = YES;
				INFOPLIST_KEY_UISupportedInterfaceOrientations_iPad = "UIInterfaceOrientationPortrait UIInterfaceOrientationPortraitUpsideDown UIInterfaceOrientationLandscapeLeft UIInterfaceOrientationLandscapeRight";
				INFOPLIST_KEY_UISupportedInterfaceOrientations_iPhone = "UIInterfaceOrientationPortrait UIInterfaceOrientationLandscapeLeft UIInterfaceOrientationLandscapeRight";
				LD_RUNPATH_SEARCH_PATHS = (
					"$(inherited)",
					"@executable_path/Frameworks",
				);
				MARKETING_VERSION = 1.0;
				PRODUCT_BUNDLE_IDENTIFIER = berkin.BerkinPortfolio;
				PRODUCT_NAME = "$(TARGET_NAME)";
				SWIFT_EMIT_LOC_STRINGS = YES;
				SWIFT_VERSION = 5.0;
				TARGETED_DEVICE_FAMILY = "1,2";
			};
			name = Debug;
		};
		948B97A12792B92200EB34BF /* Release */ = {
			isa = XCBuildConfiguration;
			buildSettings = {
				ASSETCATALOG_COMPILER_APPICON_NAME = AppIcon;
				ASSETCATALOG_COMPILER_GLOBAL_ACCENT_COLOR_NAME = AccentColor;
				CODE_SIGN_STYLE = Automatic;
				CURRENT_PROJECT_VERSION = 1;
				DEVELOPMENT_ASSET_PATHS = "\"BerkinPortfolio/Preview Content\"";
				DEVELOPMENT_TEAM = LL4Y637Z4Y;
				ENABLE_PREVIEWS = YES;
				GENERATE_INFOPLIST_FILE = YES;
				INFOPLIST_FILE = BerkinPortfolio/Info.plist;
				INFOPLIST_KEY_UIApplicationSceneManifest_Generation = YES;
				INFOPLIST_KEY_UIApplicationSupportsIndirectInputEvents = YES;
				INFOPLIST_KEY_UILaunchScreen_Generation = YES;
				INFOPLIST_KEY_UISupportedInterfaceOrientations_iPad = "UIInterfaceOrientationPortrait UIInterfaceOrientationPortraitUpsideDown UIInterfaceOrientationLandscapeLeft UIInterfaceOrientationLandscapeRight";
				INFOPLIST_KEY_UISupportedInterfaceOrientations_iPhone = "UIInterfaceOrientationPortrait UIInterfaceOrientationLandscapeLeft UIInterfaceOrientationLandscapeRight";
				LD_RUNPATH_SEARCH_PATHS = (
					"$(inherited)",
					"@executable_path/Frameworks",
				);
				MARKETING_VERSION = 1.0;
				PRODUCT_BUNDLE_IDENTIFIER = berkin.BerkinPortfolio;
				PRODUCT_NAME = "$(TARGET_NAME)";
				SWIFT_EMIT_LOC_STRINGS = YES;
				SWIFT_VERSION = 5.0;
				TARGETED_DEVICE_FAMILY = "1,2";
			};
			name = Release;
		};
/* End XCBuildConfiguration section */

/* Begin XCConfigurationList section */
		948B978C2792B92100EB34BF /* Build configuration list for PBXProject "BerkinPortfolio" */ = {
			isa = XCConfigurationList;
			buildConfigurations = (
				948B979D2792B92200EB34BF /* Debug */,
				948B979E2792B92200EB34BF /* Release */,
			);
			defaultConfigurationIsVisible = 0;
			defaultConfigurationName = Release;
		};
		948B979F2792B92200EB34BF /* Build configuration list for PBXNativeTarget "BerkinPortfolio" */ = {
			isa = XCConfigurationList;
			buildConfigurations = (
				948B97A02792B92200EB34BF /* Debug */,
				948B97A12792B92200EB34BF /* Release */,
			);
			defaultConfigurationIsVisible = 0;
			defaultConfigurationName = Release;
		};
/* End XCConfigurationList section */

/* Begin XCVersionGroup section */
		948B97A22792B93100EB34BF /* Main.xcdatamodeld */ = {
			isa = XCVersionGroup;
			children = (
				948B97A32792B93100EB34BF /* Main.xcdatamodel */,
			);
			currentVersion = 948B97A32792B93100EB34BF /* Main.xcdatamodel */;
			path = Main.xcdatamodeld;
			sourceTree = "<group>";
			versionGroupType = wrapper.xcdatamodel;
		};
/* End XCVersionGroup section */
	};
	rootObject = 948B97892792B92100EB34BF /* Project object */;
}
